---
lockfileVersion: '9.0'

importers:

  .:
    configDependencies: {}
    packageManagerDependencies:
      '@pnpm/exe':
        specifier: ^11.5.2
        version: 11.5.3
      pnpm:
        specifier: ^11.5.2
        version: 11.5.3

packages:

  '@pnpm/exe@11.5.3':
    resolution: {integrity: sha512-eb8921VsrlLhIf6z/6lopFZ25MH60qgybvPBMHH17s8AAcfh5ipBAHBpxZ3PKNNpJ7v8aZZdZkccDBjwfsUjsA==}
    hasBin: true

  '@pnpm/linux-arm64@11.5.3':
    resolution: {integrity: sha512-3UebCq+4osz5/p6GNfH8iEepCUchGDS778ShcIHkJioCUV/QnmLI3IT0MYOymwc+p5/+ECZlUYEfON2FH2seOg==}
    cpu: [arm64]
    os: [linux]

  '@pnpm/linux-x64@11.5.3':
    resolution: {integrity: sha512-fqAhjHjTcu16uryQb1JSbvGThaYp32vuu52teL4FhBaXC1fsgcqWoOEQgFnGfJKXAQO8jEKDb/1BiScQFV+O9g==}
    cpu: [x64]
    os: [linux]

  '@pnpm/linuxstatic-arm64@11.5.3':
    resolution: {integrity: sha512-z+bw8dIFhFL4Ou82Emjmdd6YndIg2R/KSbx+b5quD9v44V3cZ6OBMdddshCxzq/YEWsB6lCs/86ThbmWojJ7Vw==}
    cpu: [arm64]
    os: [linux]
    libc: [musl]

  '@pnpm/linuxstatic-x64@11.5.3':
    resolution: {integrity: sha512-05FvuSx6G1c+ZNs4j/TQldy09YFkfXkvq+MgFplEFIUguLShQi88gkvBBSt1v2RiIPdnjn/kHN7FmyL++RiXZw==}
    cpu: [x64]
    os: [linux]
    libc: [musl]

  '@pnpm/macos-arm64@11.5.3':
    resolution: {integrity: sha512-nyQs/0yUZAHszkEGdDvOz964aPPzrMw+PGh6yIEYNMEzZfxSLEzD4No1qHj7AOplYmSB9tRazHp7o6einjE6pA==}
    cpu: [arm64]
    os: [darwin]

  '@pnpm/win-arm64@11.5.3':
    resolution: {integrity: sha512-7DOlug2CLCuRdWTar5ljDQNpvLLphJXqb3nDw2Vx+9vUhHjbfJRFrjZ+fYj5APoUUZv1esMaiAql4dNEqYVo1Q==}
    cpu: [arm64]
    os: [win32]

  '@pnpm/win-x64@11.5.3':
    resolution: {integrity: sha512-hnIv1nVlTjEr7H415bVEfNVH65sfHClvuWd35fkR1WLVut+dHBSKqQNeDd4auJCeFtiSSVvIingsNS63abAWUQ==}
    cpu: [x64]
    os: [win32]

  '@reflink/reflink-darwin-arm64@0.1.19':
    resolution: {integrity: sha512-ruy44Lpepdk1FqDz38vExBY/PVUsjxZA+chd9wozjUH9JjuDT/HEaQYA6wYN9mf041l0yLVar6BCZuWABJvHSA==}
    engines: {node: '>= 10'}
    cpu: [arm64]
    os: [darwin]

  '@reflink/reflink-darwin-x64@0.1.19':
    resolution: {integrity: sha512-By85MSWrMZa+c26TcnAy8SDk0sTUkYlNnwknSchkhHpGXOtjNDUOxJE9oByBnGbeuIE1PiQsxDG3Ud+IVV9yuA==}
    engines: {node: '>= 10'}
    cpu: [x64]
    os: [darwin]

  '@reflink/reflink-linux-arm64-gnu@0.1.19':
    resolution: {integrity: sha512-7P+er8+rP9iNeN+bfmccM4hTAaLP6PQJPKWSA4iSk2bNvo6KU6RyPgYeHxXmzNKzPVRcypZQTpFgstHam6maVg==}
    engines: {node: '>= 10'}
    cpu: [arm64]
    os: [linux]
    libc: [glibc]

  '@reflink/reflink-linux-arm64-musl@0.1.19':
    resolution: {integrity: sha512-37iO/Dp6m5DDaC2sf3zPtx/hl9FV3Xze4xoYidrxxS9bgP3S8ALroxRK6xBG/1TtfXKTvolvp+IjrUU6ujIGmA==}
    engines: {node: '>= 10'}
    cpu: [arm64]
    os: [linux]
    libc: [musl]

  '@reflink/reflink-linux-x64-gnu@0.1.19':
    resolution: {integrity: sha512-jbI8jvuYCaA3MVUdu8vLoLAFqC+iNMpiSuLbxlAgg7x3K5bsS8nOpTRnkLF7vISJ+rVR8W+7ThXlXlUQ93ulkw==}
    engines: {node: '>= 10'}
    cpu: [x64]
    os: [linux]
    libc: [glibc]

  '@reflink/reflink-linux-x64-musl@0.1.19':
    resolution: {integrity: sha512-e9FBWDe+lv7QKAwtKOt6A2W/fyy/aEEfr0g6j/hWzvQcrzHCsz07BNQYlNOjTfeytrtLU7k449H1PI95jA4OjQ==}
    engines: {node: '>= 10'}
    cpu: [x64]
    os: [linux]
    libc: [musl]

  '@reflink/reflink-win32-arm64-msvc@0.1.19':
    resolution: {integrity: sha512-09PxnVIQcd+UOn4WAW73WU6PXL7DwGS6wPlkMhMg2zlHHG65F3vHepOw06HFCq+N42qkaNAc8AKIabWvtk6cIQ==}
    engines: {node: '>= 10'}
    cpu: [arm64]
    os: [win32]

  '@reflink/reflink-win32-x64-msvc@0.1.19':
    resolution: {integrity: sha512-E//yT4ni2SyhwP8JRjVGWr3cbnhWDiPLgnQ66qqaanjjnMiu3O/2tjCPQXlcGc/DEYofpDc9fvhv6tALQsMV9w==}
    engines: {node: '>= 10'}
    cpu: [x64]
    os: [win32]

  '@reflink/reflink@0.1.19':
    resolution: {integrity: sha512-DmCG8GzysnCZ15bres3N5AHCmwBwYgp0As6xjhQ47rAUTUXxJiK+lLUxaGsX3hd/30qUpVElh05PbGuxRPgJwA==}
    engines: {node: '>= 10'}

  detect-libc@2.1.2:
    resolution: {integrity: sha512-Btj2BOOO83o3WyH59e8MgXsxEQVcarkUOpEYrubB0urwnN10yQ364rsiByU11nZlqWYZm05i/of7io4mzihBtQ==}
    engines: {node: '>=8'}

  pnpm@11.5.3:
    resolution: {integrity: sha512-esHJGTQcITo03A0Cr7cUPFwmrCbujEeC3uqCG4rGTSE0oIH9iUHa5uKbu0j1jfwrf7zuzMB8svCdIZ00Kklp7Q==}
    engines: {node: '>=22.13'}
    hasBin: true

snapshots:

  '@pnpm/exe@11.5.3':
    dependencies:
      '@reflink/reflink': 0.1.19
      detect-libc: 2.1.2
    optionalDependencies:
      '@pnpm/linux-arm64': 11.5.3
      '@pnpm/linux-x64': 11.5.3
      '@pnpm/linuxstatic-arm64': 11.5.3
      '@pnpm/linuxstatic-x64': 11.5.3
      '@pnpm/macos-arm64': 11.5.3
      '@pnpm/win-arm64': 11.5.3
      '@pnpm/win-x64': 11.5.3

  '@pnpm/linux-arm64@11.5.3':
    optional: true

  '@pnpm/linux-x64@11.5.3':
    optional: true

  '@pnpm/linuxstatic-arm64@11.5.3':
    optional: true

  '@pnpm/linuxstatic-x64@11.5.3':
    optional: true

  '@pnpm/macos-arm64@11.5.3':
    optional: true

  '@pnpm/win-arm64@11.5.3':
    optional: true

  '@pnpm/win-x64@11.5.3':
    optional: true

  '@reflink/reflink-darwin-arm64@0.1.19':
    optional: true

  '@reflink/reflink-darwin-x64@0.1.19':
    optional: true

  '@reflink/reflink-linux-arm64-gnu@0.1.19':
    optional: true

  '@reflink/reflink-linux-arm64-musl@0.1.19':
    optional: true

  '@reflink/reflink-linux-x64-gnu@0.1.19':
    optional: true

  '@reflink/reflink-linux-x64-musl@0.1.19':
    optional: true

  '@reflink/reflink-win32-arm64-msvc@0.1.19':
    optional: true

  '@reflink/reflink-win32-x64-msvc@0.1.19':
    optional: true

  '@reflink/reflink@0.1.19':
    optionalDependencies:
      '@reflink/reflink-darwin-arm64': 0.1.19
      '@reflink/reflink-darwin-x64': 0.1.19
      '@reflink/reflink-linux-arm64-gnu': 0.1.19
      '@reflink/reflink-linux-arm64-musl': 0.1.19
      '@reflink/reflink-linux-x64-gnu': 0.1.19
      '@reflink/reflink-linux-x64-musl': 0.1.19
      '@reflink/reflink-win32-arm64-msvc': 0.1.19
      '@reflink/reflink-win32-x64-msvc': 0.1.19

  detect-libc@2.1.2: {}

  pnpm@11.5.3: {}

---
lockfileVersion: '9.0'

settings:
  autoInstallPeers: true
  excludeLinksFromLockfile: false

importers:

  .:
    dependencies:
      jsonfile:
        specifier: ^6.2.1
        version: 6.2.1
      moment:
        specifier: ^2.30.1
        version: 2.30.1
      random:
        specifier: ^5.4.1
        version: 5.4.1
      simple-git:
        specifier: ^3.36.0
        version: 3.36.0

packages:

  '@kwsites/file-exists@1.1.1':
    resolution: {integrity: sha512-m9/5YGR18lIwxSFDwfE3oA7bWuq9kdau6ugN4H2rJeyhFQZcG9AgSHkQtSD15a8WvTgfz9aikZMrKPHvbpqFiw==}

  '@kwsites/promise-deferred@1.1.1':
    resolution: {integrity: sha512-GaHYm+c0O9MjZRu0ongGBRbinu8gVAMd2UZjji6jVmqKtZluZnptXGWhz1E8j8D2HJ3f/yMxKAUC0b+57wncIw==}

  '@simple-git/args-pathspec@1.0.3':
    resolution: {integrity: sha512-ngJMaHlsWDTfjyq9F3VIQ8b7NXbBLq5j9i5bJ6XLYtD6qlDXT7fdKY2KscWWUF8t18xx052Y/PUO1K1TRc9yKA==}

  '@simple-git/argv-parser@1.1.1':
    resolution: {integrity: sha512-Q9lBcfQ+VQCpQqGJFHe5yooOS5hGdLFFbJ5R+R5aDsnkPCahtn1hSkMcORX65J2Z5lxSkD0lQorMsncuBQxYUw==}

  debug@4.4.3:
    resolution: {integrity: sha512-RGwwWnwQvkVfavKVt22FGLw+xYSdzARwm0ru6DhTVA3umU5hZc28V3kO4stgYryrTlLpuvgI9GiijltAjNbcqA==}
    engines: {node: '>=6.0'}
    peerDependencies:
      supports-color: '*'
    peerDependenciesMeta:
      supports-color:
        optional: true

  graceful-fs@4.2.11:
    resolution: {integrity: sha512-RbJ5/jmFcNNCcDV5o9eTnBLJ/HszWV0P73bc+Ff4nS/rJj+YaS6IGyiOL0VoBYX+l1Wrl3k63h/KrH+nhJ0XvQ==}

  jsonfile@6.2.1:
    resolution: {integrity: sha512-zwOTdL3rFQ/lRdBnntKVOX6k5cKJwEc1HdilT71BWEu7J41gXIB2MRp+vxduPSwZJPWBxEzv4yH1wYLJGUHX4Q==}

  moment@2.30.1:
    resolution: {integrity: sha512-uEmtNhbDOrWPFS+hdjFCBfy9f2YoyzRpwcl+DqpC6taX21FzsTLQVbMV/W7PzNSX6x/bhC1zA3c2UQ5NzH6how==}

  ms@2.1.3:
    resolution: {integrity: sha512-6FlzubTLZG3J2a/NVCAleEhjzq5oxgHyaCU9yYXvcLsvoVaHJq/s5xXI6/XXP6tz7R9xAOtHnSO/tXtF3WRTlA==}

  random@5.4.1:
    resolution: {integrity: sha512-HtccRkYkAXCbj9bqsyGKGlicyeZ5AsQgs49fEuUO/BvrJ7WOQqXPjdg1CZrFjBkoT75ozrWlQXJ7TcXXLv2ISQ==}
    engines: {node: '>=18'}

  simple-git@3.36.0:
    resolution: {integrity: sha512-cGQjLjK8bxJw4QuYT7gxHw3/IouVESbhahSsHrX97MzCL1gu2u7oy38W6L2ZIGECEfIBG4BabsWDPjBxJENv9Q==}

  universalify@2.0.1:
    resolution: {integrity: sha512-gptHNQghINnc/vTGIk0SOFGFNXw7JVrlRUtConJRlvaw6DuX0wO5Jeko9sWrMBhh+PsYAZ7oXAiOnf/UKogyiw==}
    engines: {node: '>= 10.0.0'}

snapshots:

  '@kwsites/file-exists@1.1.1':
    dependencies:
      debug: 4.4.3
    transitivePeerDependencies:
      - supports-color

  '@kwsites/promise-deferred@1.1.1': {}

  '@simple-git/args-pathspec@1.0.3': {}

  '@simple-git/argv-parser@1.1.1':
    dependencies:
      '@simple-git/args-pathspec': 1.0.3

  debug@4.4.3:
    dependencies:
      ms: 2.1.3

  graceful-fs@4.2.11:
    optional: true

  jsonfile@6.2.1:
    dependencies:
      universalify: 2.0.1
    optionalDependencies:
      graceful-fs: 4.2.11

  moment@2.30.1: {}

  ms@2.1.3: {}

  random@5.4.1: {}

  simple-git@3.36.0:
    dependencies:
      '@kwsites/file-exists': 1.1.1
      '@kwsites/promise-deferred': 1.1.1
      '@simple-git/args-pathspec': 1.0.3
      '@simple-git/argv-parser': 1.1.1
      debug: 4.4.3
    transitivePeerDependencies:
      - supports-color

  universalify@2.0.1: {}
